
Microsoft Visual Studio Solution File, Format Version 12.00
# Visual Studio Version 16
VisualStudioVersion = 16.6.30114.105
MinimumVisualStudioVersion = 10.0.40219.1
Project("{FAE04EC0-301F-11D3-BF4B-00C04F79EFBC}") = "OGM.Auth", "OGM.Auth\OGM.Auth.csproj", "{01019988-C31E-4AC6-B39A-1B87A53379FA}"
EndProject
Project("{FAE04EC0-301F-11D3-BF4B-00C04F79EFBC}") = "OGM.Gateway", "OGM.Gateway\OGM.Gateway.csproj", "{6D342E04-9E68-4607-B8C1-1CD6F16936CE}"
EndProject
Project("{FAE04EC0-301F-11D3-BF4B-00C04F79EFBC}") = "OGM.TrackCoin", "OGM.TrackCoin\OGM.TrackCoin.csproj", "{BE375472-5373-400C-84AC-2E10C348AE81}"
EndProject
Global
	GlobalSection(SolutionConfigurationPlatforms) = preSolution
		Debug|Any CPU = Debug|Any CPU
		Debug|x64 = Debug|x64
		Debug|x86 = Debug|x86
		Release|Any CPU = Release|Any CPU
		Release|x64 = Release|x64
		Release|x86 = Release|x86
	EndGlobalSection
	GlobalSection(SolutionProperties) = preSolution
		HideSolutionNode = FALSE
	EndGlobalSection
	GlobalSection(ProjectConfigurationPlatforms) = postSolution
		{01019988-C31E-4AC6-B39A-1B87A53379FA}.Debug|Any CPU.ActiveCfg = Debug|Any CPU
		{01019988-C31E-4AC6-B39A-1B87A53379FA}.Debug|Any CPU.Build.0 = Debug|Any CPU
		{01019988-C31E-4AC6-B39A-1B87A53379FA}.Debug|x64.ActiveCfg = Debug|Any CPU
		{01019988-C31E-4AC6-B39A-1B87A53379FA}.Debug|x64.Build.0 = Debug|Any CPU
		{01019988-C31E-4AC6-B39A-1B87A53379FA}.Debug|x86.ActiveCfg = Debug|Any CPU
		{01019988-C31E-4AC6-B39A-1B87A53379FA}.Debug|x86.Build.0 = Debug|Any CPU
		{01019988-C31E-4AC6-B39A-1B87A53379FA}.Release|Any CPU.ActiveCfg = Release|Any CPU
		{01019988-C31E-4AC6-B39A-1B87A53379FA}.Release|Any CPU.Build.0 = Release|Any CPU
		{01019988-C31E-4AC6-B39A-1B87A53379FA}.Release|x64.ActiveCfg = Release|Any CPU
		{01019988-C31E-4AC6-B39A-1B87A53379FA}.Release|x64.Build.0 = Release|Any CPU
		{01019988-C31E-4AC6-B39A-1B87A53379FA}.Release|x86.ActiveCfg = Release|Any CPU
		{01019988-C31E-4AC6-B39A-1B87A53379FA}.Release|x86.Build.0 = Release|Any CPU
		{6D342E04-9E68-4607-B8C1-1CD6F16936CE}.Debug|Any CPU.ActiveCfg = Debug|Any CPU
		{6D342E04-9E68-4607-B8C1-1CD6F16936CE}.Debug|Any CPU.Build.0 = Debug|Any CPU
		{6D342E04-9E68-4607-B8C1-1CD6F16936CE}.Debug|x64.ActiveCfg = Debug|Any CPU
		{6D342E04-9E68-4607-B8C1-1CD6F16936CE}.Debug|x64.Build.0 = Debug|Any CPU
		{6D342E04-9E68-4607-B8C1-1CD6F16936CE}.Debug|x86.ActiveCfg = Debug|Any CPU
		{6D342E04-9E68-4607-B8C1-1CD6F16936CE}.Debug|x86.Build.0 = Debug|Any CPU
		{6D342E04-9E68-4607-B8C1-1CD6F16936CE}.Release|Any CPU.ActiveCfg = Release|Any CPU
		{6D342E04-9E68-4607-B8C1-1CD6F16936CE}.Release|Any CPU.Build.0 = Release|Any CPU
		{6D342E04-9E68-4607-B8C1-1CD6F16936CE}.Release|x64.ActiveCfg = Release|Any CPU
		{6D342E04-9E68-4607-B8C1-1CD6F16936CE}.Release|x64.Build.0 = Release|Any CPU
		{6D342E04-9E68-4607-B8C1-1CD6F16936CE}.Release|x86.ActiveCfg = Release|Any CPU
		{6D342E04-9E68-4607-B8C1-1CD6F16936CE}.Release|x86.Build.0 = Release|Any CPU
		{BE375472-5373-400C-84AC-2E10C348AE81}.Debug|Any CPU.ActiveCfg = Debug|Any CPU
		{BE375472-5373-400C-84AC-2E10C348AE81}.Debug|Any CPU.Build.0 = Debug|Any CPU
		{BE375472-5373-400C-84AC-2E10C348AE81}.Debug|x64.ActiveCfg = Debug|Any CPU
		{BE375472-5373-400C-84AC-2E10C348AE81}.Debug|x64.Build.0 = Debug|Any CPU
		{BE375472-5373-400C-84AC-2E10C348AE81}.Debug|x86.ActiveCfg = Debug|Any CPU
		{BE375472-5373-400C-84AC-2E10C348AE81}.Debug|x86.Build.0 = Debug|Any CPU
		{BE375472-5373-400C-84AC-2E10C348AE81}.Release|Any CPU.ActiveCfg = Release|Any CPU
		{BE375472-5373-400C-84AC-2E10C348AE81}.Release|Any CPU.Build.0 = Release|Any CPU
		{BE375472-5373-400C-84AC-2E10C348AE81}.Release|x64.ActiveCfg = Release|Any CPU
		{BE375472-5373-400C-84AC-2E10C348AE81}.Release|x64.Build.0 = Release|Any CPU
		{BE375472-5373-400C-84AC-2E10C348AE81}.Release|x86.ActiveCfg = Release|Any CPU
		{BE375472-5373-400C-84AC-2E10C348AE81}.Release|x86.Build.0 = Release|Any CPU
	EndGlobalSection
EndGlobal
